
Microsoft Visual Studio Solution File, Format Version 12.00
# Visual Studio Version 17
VisualStudioVersion = 17.7.34024.191
MinimumVisualStudioVersion = 10.0.40219.1
Project("{FAE04EC0-301F-11D3-BF4B-00C04F79EFBC}") = "SHA1InitializationBenchmark", "SHA1InitializationBenchmark\SHA1InitializationBenchmark.csproj", "{F2D63506-6999-43E7-B440-0612DA4A2C28}"
EndProject
Global
	GlobalSection(SolutionConfigurationPlatforms) = preSolution
		Debug|Any CPU = Debug|Any CPU
		Release|Any CPU = Release|Any CPU
	EndGlobalSection
	GlobalSection(ProjectConfigurationPlatforms) = postSolution
		{F2D63506-6999-43E7-B440-0612DA4A2C28}.Debug|Any CPU.ActiveCfg = Debug|Any CPU
		{F2D63506-6999-43E7-B440-0612DA4A2C28}.Debug|Any CPU.Build.0 = Debug|Any CPU
		{F2D63506-6999-43E7-B440-0612DA4A2C28}.Release|Any CPU.ActiveCfg = Release|Any CPU
		{F2D63506-6999-43E7-B440-0612DA4A2C28}.Release|Any CPU.Build.0 = Release|Any CPU
	EndGlobalSection
	GlobalSection(SolutionProperties) = preSolution
		HideSolutionNode = FALSE
	EndGlobalSection
	GlobalSection(ExtensibilityGlobals) = postSolution
		SolutionGuid = {78DE6E37-D891-444D-B7DB-472F4F34BFB7}
	EndGlobalSection
EndGlobal
